// !$*UTF8*$!
{
	archiveVersion = 1;
	classes = {
	};
	objectVersion = 56;
	objects = {

/* Begin PBXBuildFile section */
		4B7B9AF52B81B933009B8E9A /* AppDelegate.swift in Sources */ = {isa = PBXBuildFile; fileRef = 4B7B9AF42B81B933009B8E9A /* AppDelegate.swift */; };
		4B7B9AF72B81B933009B8E9A /* SceneDelegate.swift in Sources */ = {isa = PBXBuildFile; fileRef = 4B7B9AF62B81B933009B8E9A /* SceneDelegate.swift */; };
		4B7B9AF92B81B933009B8E9A /* MoviesViewController.swift in Sources */ = {isa = PBXBuildFile; fileRef = 4B7B9AF82B81B933009B8E9A /* MoviesViewController.swift */; };
		4B7B9AFE2B81B934009B8E9A /* Assets.xcassets in Resources */ = {isa = PBXBuildFile; fileRef = 4B7B9AFD2B81B934009B8E9A /* Assets.xcassets */; };
		4B7B9B012B81B934009B8E9A /* LaunchScreen.storyboard in Resources */ = {isa = PBXBuildFile; fileRef = 4B7B9AFF2B81B934009B8E9A /* LaunchScreen.storyboard */; };
		4B7B9B0C2B81B935009B8E9A /* MovieSearchTests.swift in Sources */ = {isa = PBXBuildFile; fileRef = 4B7B9B0B2B81B935009B8E9A /* MovieSearchTests.swift */; };
		4B7B9B162B81B935009B8E9A /* MovieSearchUITests.swift in Sources */ = {isa = PBXBuildFile; fileRef = 4B7B9B152B81B935009B8E9A /* MovieSearchUITests.swift */; };
		4B7B9B182B81B935009B8E9A /* MovieSearchUITestsLaunchTests.swift in Sources */ = {isa = PBXBuildFile; fileRef = 4B7B9B172B81B935009B8E9A /* MovieSearchUITestsLaunchTests.swift */; };
		4BB0BBC22B81E66B00B20014 /* MovieCell.swift in Sources */ = {isa = PBXBuildFile; fileRef = 4BB0BBC12B81E66B00B20014 /* MovieCell.swift */; };
		4BB0BBC62B81ED0D00B20014 /* SnapKit in Frameworks */ = {isa = PBXBuildFile; productRef = 4BB0BBC52B81ED0D00B20014 /* SnapKit */; };
		4BB0BBCB2B81F18500B20014 /* UIColor+Extensions.swift in Sources */ = {isa = PBXBuildFile; fileRef = 4BB0BBCA2B81F18500B20014 /* UIColor+Extensions.swift */; };
		4BB0BBCD2B820C6400B20014 /* MovieItem.swift in Sources */ = {isa = PBXBuildFile; fileRef = 4BB0BBCC2B820C6400B20014 /* MovieItem.swift */; };
		4BB0BBCF2B82231B00B20014 /* Config.plist in Resources */ = {isa = PBXBuildFile; fileRef = 4BB0BBCE2B82231B00B20014 /* Config.plist */; };
		4BB0BBD12B8223CC00B20014 /* MoviesResponse.swift in Sources */ = {isa = PBXBuildFile; fileRef = 4BB0BBD02B8223CC00B20014 /* MoviesResponse.swift */; };
		4BB0BBD32B8223F700B20014 /* TMDBService.swift in Sources */ = {isa = PBXBuildFile; fileRef = 4BB0BBD22B8223F700B20014 /* TMDBService.swift */; };
		4BB0BBD52B82242100B20014 /* ConfigurationManager.swift in Sources */ = {isa = PBXBuildFile; fileRef = 4BB0BBD42B82242100B20014 /* ConfigurationManager.swift */; };
		4BB0BBDC2B8224C600B20014 /* TMDBServiceTests.swift in Sources */ = {isa = PBXBuildFile; fileRef = 4BB0BBDB2B8224C600B20014 /* TMDBServiceTests.swift */; };
		4BB0BBDF2B82250A00B20014 /* MockURLProtocol.swift in Sources */ = {isa = PBXBuildFile; fileRef = 4BB0BBDE2B82250A00B20014 /* MockURLProtocol.swift */; };
		4BB0BBE22B82253500B20014 /* PopularMovieTests.swift in Sources */ = {isa = PBXBuildFile; fileRef = 4BB0BBE12B82253500B20014 /* PopularMovieTests.swift */; };
		4BB0BBE42B822AF100B20014 /* Config.plist.example in Resources */ = {isa = PBXBuildFile; fileRef = 4BB0BBE32B822AF100B20014 /* Config.plist.example */; };
		4BB0BBE62B8238D700B20014 /* PaddedTextField.swift in Sources */ = {isa = PBXBuildFile; fileRef = 4BB0BBE52B8238D700B20014 /* PaddedTextField.swift */; };
		4BB0BBEA2B82E2C200B20014 /* UIImageView+Extensions.swift in Sources */ = {isa = PBXBuildFile; fileRef = 4BB0BBE92B82E2C200B20014 /* UIImageView+Extensions.swift */; };
		4BB0BBED2B82E5BE00B20014 /* ImageCacheManager.swift in Sources */ = {isa = PBXBuildFile; fileRef = 4BB0BBEC2B82E5BE00B20014 /* ImageCacheManager.swift */; };
		4BB0BBEF2B82EA8E00B20014 /* MovieDetailViewController.swift in Sources */ = {isa = PBXBuildFile; fileRef = 4BB0BBEE2B82EA8E00B20014 /* MovieDetailViewController.swift */; };
		4BB0BBF32B82F9B700B20014 /* RoundButton.swift in Sources */ = {isa = PBXBuildFile; fileRef = 4BB0BBF22B82F9B700B20014 /* RoundButton.swift */; };
		4BB0BBF52B83136B00B20014 /* RoundImageView.swift in Sources */ = {isa = PBXBuildFile; fileRef = 4BB0BBF42B83136B00B20014 /* RoundImageView.swift */; };
		4BB0BBF72B83193700B20014 /* UILabel+Extensions.swift in Sources */ = {isa = PBXBuildFile; fileRef = 4BB0BBF62B83193600B20014 /* UILabel+Extensions.swift */; };
		4BB0BBF92B832F6200B20014 /* TwoPartButton.swift in Sources */ = {isa = PBXBuildFile; fileRef = 4BB0BBF82B832F6200B20014 /* TwoPartButton.swift */; };
		4BB0BBFB2B83361800B20014 /* UIButton+Extensions.swift in Sources */ = {isa = PBXBuildFile; fileRef = 4BB0BBFA2B83361800B20014 /* UIButton+Extensions.swift */; };
		4BB0BC022B835DF600B20014 /* MoviesView.swift in Sources */ = {isa = PBXBuildFile; fileRef = 4BB0BC012B835DF600B20014 /* MoviesView.swift */; };
		4BB0BC052B83610C00B20014 /* MovieDetailView.swift in Sources */ = {isa = PBXBuildFile; fileRef = 4BB0BC042B83610C00B20014 /* MovieDetailView.swift */; };
		4BB0BC082B8364C100B20014 /* MoviesViewModel.swift in Sources */ = {isa = PBXBuildFile; fileRef = 4BB0BC072B8364C100B20014 /* MoviesViewModel.swift */; };
		4BB0BC0B2B83689100B20014 /* AppCoordinator.swift in Sources */ = {isa = PBXBuildFile; fileRef = 4BB0BC0A2B83689100B20014 /* AppCoordinator.swift */; };
		4BB0BC0F2B845BBF00B20014 /* MovieRatingViewController.swift in Sources */ = {isa = PBXBuildFile; fileRef = 4BB0BC0E2B845BBF00B20014 /* MovieRatingViewController.swift */; };
		4BB0BC112B845C1400B20014 /* MovieRatingView.swift in Sources */ = {isa = PBXBuildFile; fileRef = 4BB0BC102B845C1400B20014 /* MovieRatingView.swift */; };
		4BB0BC132B84703200B20014 /* FavoriteView.swift in Sources */ = {isa = PBXBuildFile; fileRef = 4BB0BC122B84703200B20014 /* FavoriteView.swift */; };
		4BB0BC152B84705A00B20014 /* FavoriteViewController.swift in Sources */ = {isa = PBXBuildFile; fileRef = 4BB0BC142B84705A00B20014 /* FavoriteViewController.swift */; };
		4BB0BC172B8480E600B20014 /* FavoriteCell.swift in Sources */ = {isa = PBXBuildFile; fileRef = 4BB0BC162B8480E600B20014 /* FavoriteCell.swift */; };
		4BB0BC192B848C5100B20014 /* FavoriteItem.swift in Sources */ = {isa = PBXBuildFile; fileRef = 4BB0BC182B848C5100B20014 /* FavoriteItem.swift */; };
/* End PBXBuildFile section */

/* Begin PBXContainerItemProxy section */
		4B7B9B082B81B935009B8E9A /* PBXContainerItemProxy */ = {
			isa = PBXContainerItemProxy;
			containerPortal = 4B7B9AE92B81B933009B8E9A /* Project object */;
			proxyType = 1;
			remoteGlobalIDString = 4B7B9AF02B81B933009B8E9A;
			remoteInfo = MovieSearch;
		};
		4B7B9B122B81B935009B8E9A /* PBXContainerItemProxy */ = {
			isa = PBXContainerItemProxy;
			containerPortal = 4B7B9AE92B81B933009B8E9A /* Project object */;
			proxyType = 1;
			remoteGlobalIDString = 4B7B9AF02B81B933009B8E9A;
			remoteInfo = MovieSearch;
		};
/* End PBXContainerItemProxy section */

/* Begin PBXFileReference section */
		4B7B9AF12B81B933009B8E9A /* MovieSearch.app */ = {isa = PBXFileReference; explicitFileType = wrapper.application; includeInIndex = 0; path = MovieSearch.app; sourceTree = BUILT_PRODUCTS_DIR; };
		4B7B9AF42B81B933009B8E9A /* AppDelegate.swift */ = {isa = PBXFileReference; lastKnownFileType = sourcecode.swift; path = AppDelegate.swift; sourceTree = "<group>"; };
		4B7B9AF62B81B933009B8E9A /* SceneDelegate.swift */ = {isa = PBXFileReference; lastKnownFileType = sourcecode.swift; path = SceneDelegate.swift; sourceTree = "<group>"; };
		4B7B9AF82B81B933009B8E9A /* MoviesViewController.swift */ = {isa = PBXFileReference; lastKnownFileType = sourcecode.swift; path = MoviesViewController.swift; sourceTree = "<group>"; };
		4B7B9AFD2B81B934009B8E9A /* Assets.xcassets */ = {isa = PBXFileReference; lastKnownFileType = folder.assetcatalog; path = Assets.xcassets; sourceTree = "<group>"; };
		4B7B9B002B81B934009B8E9A /* Base */ = {isa = PBXFileReference; lastKnownFileType = file.storyboard; name = Base; path = Base.lproj/LaunchScreen.storyboard; sourceTree = "<group>"; };
		4B7B9B022B81B934009B8E9A /* Info.plist */ = {isa = PBXFileReference; lastKnownFileType = text.plist.xml; path = Info.plist; sourceTree = "<group>"; };
		4B7B9B072B81B935009B8E9A /* MovieSearchTests.xctest */ = {isa = PBXFileReference; explicitFileType = wrapper.cfbundle; includeInIndex = 0; path = MovieSearchTests.xctest; sourceTree = BUILT_PRODUCTS_DIR; };
		4B7B9B0B2B81B935009B8E9A /* MovieSearchTests.swift */ = {isa = PBXFileReference; lastKnownFileType = sourcecode.swift; path = MovieSearchTests.swift; sourceTree = "<group>"; };
		4B7B9B112B81B935009B8E9A /* MovieSearchUITests.xctest */ = {isa = PBXFileReference; explicitFileType = wrapper.cfbundle; includeInIndex = 0; path = MovieSearchUITests.xctest; sourceTree = BUILT_PRODUCTS_DIR; };
		4B7B9B152B81B935009B8E9A /* MovieSearchUITests.swift */ = {isa = PBXFileReference; lastKnownFileType = sourcecode.swift; path = MovieSearchUITests.swift; sourceTree = "<group>"; };
		4B7B9B172B81B935009B8E9A /* MovieSearchUITestsLaunchTests.swift */ = {isa = PBXFileReference; lastKnownFileType = sourcecode.swift; path = MovieSearchUITestsLaunchTests.swift; sourceTree = "<group>"; };
		4BB0BBC12B81E66B00B20014 /* MovieCell.swift */ = {isa = PBXFileReference; lastKnownFileType = sourcecode.swift; path = MovieCell.swift; sourceTree = "<group>"; };
		4BB0BBCA2B81F18500B20014 /* UIColor+Extensions.swift */ = {isa = PBXFileReference; lastKnownFileType = sourcecode.swift; path = "UIColor+Extensions.swift"; sourceTree = "<group>"; };
		4BB0BBCC2B820C6400B20014 /* MovieItem.swift */ = {isa = PBXFileReference; lastKnownFileType = sourcecode.swift; path = MovieItem.swift; sourceTree = "<group>"; };
		4BB0BBCE2B82231B00B20014 /* Config.plist */ = {isa = PBXFileReference; lastKnownFileType = text.plist.xml; path = Config.plist; sourceTree = "<group>"; };
		4BB0BBD02B8223CC00B20014 /* MoviesResponse.swift */ = {isa = PBXFileReference; lastKnownFileType = sourcecode.swift; path = MoviesResponse.swift; sourceTree = "<group>"; };
		4BB0BBD22B8223F700B20014 /* TMDBService.swift */ = {isa = PBXFileReference; lastKnownFileType = sourcecode.swift; path = TMDBService.swift; sourceTree = "<group>"; };
		4BB0BBD42B82242100B20014 /* ConfigurationManager.swift */ = {isa = PBXFileReference; lastKnownFileType = sourcecode.swift; path = ConfigurationManager.swift; sourceTree = "<group>"; };
		4BB0BBDB2B8224C600B20014 /* TMDBServiceTests.swift */ = {isa = PBXFileReference; lastKnownFileType = sourcecode.swift; path = TMDBServiceTests.swift; sourceTree = "<group>"; };
		4BB0BBDE2B82250A00B20014 /* MockURLProtocol.swift */ = {isa = PBXFileReference; lastKnownFileType = sourcecode.swift; path = MockURLProtocol.swift; sourceTree = "<group>"; };
		4BB0BBE12B82253500B20014 /* PopularMovieTests.swift */ = {isa = PBXFileReference; lastKnownFileType = sourcecode.swift; path = PopularMovieTests.swift; sourceTree = "<group>"; };
		4BB0BBE32B822AF100B20014 /* Config.plist.example */ = {isa = PBXFileReference; fileEncoding = 4; lastKnownFileType = text.xml; path = Config.plist.example; sourceTree = "<group>"; };
		4BB0BBE52B8238D700B20014 /* PaddedTextField.swift */ = {isa = PBXFileReference; lastKnownFileType = sourcecode.swift; path = PaddedTextField.swift; sourceTree = "<group>"; };
		4BB0BBE92B82E2C200B20014 /* UIImageView+Extensions.swift */ = {isa = PBXFileReference; lastKnownFileType = sourcecode.swift; path = "UIImageView+Extensions.swift"; sourceTree = "<group>"; };
		4BB0BBEC2B82E5BE00B20014 /* ImageCacheManager.swift */ = {isa = PBXFileReference; lastKnownFileType = sourcecode.swift; path = ImageCacheManager.swift; sourceTree = "<group>"; };
		4BB0BBEE2B82EA8E00B20014 /* MovieDetailViewController.swift */ = {isa = PBXFileReference; lastKnownFileType = sourcecode.swift; path = MovieDetailViewController.swift; sourceTree = "<group>"; };
		4BB0BBF22B82F9B700B20014 /* RoundButton.swift */ = {isa = PBXFileReference; lastKnownFileType = sourcecode.swift; path = RoundButton.swift; sourceTree = "<group>"; };
		4BB0BBF42B83136B00B20014 /* RoundImageView.swift */ = {isa = PBXFileReference; lastKnownFileType = sourcecode.swift; path = RoundImageView.swift; sourceTree = "<group>"; };
		4BB0BBF62B83193600B20014 /* UILabel+Extensions.swift */ = {isa = PBXFileReference; lastKnownFileType = sourcecode.swift; path = "UILabel+Extensions.swift"; sourceTree = "<group>"; };
		4BB0BBF82B832F6200B20014 /* TwoPartButton.swift */ = {isa = PBXFileReference; lastKnownFileType = sourcecode.swift; path = TwoPartButton.swift; sourceTree = "<group>"; };
		4BB0BBFA2B83361800B20014 /* UIButton+Extensions.swift */ = {isa = PBXFileReference; lastKnownFileType = sourcecode.swift; path = "UIButton+Extensions.swift"; sourceTree = "<group>"; };
		4BB0BC012B835DF600B20014 /* MoviesView.swift */ = {isa = PBXFileReference; lastKnownFileType = sourcecode.swift; path = MoviesView.swift; sourceTree = "<group>"; };
		4BB0BC042B83610C00B20014 /* MovieDetailView.swift */ = {isa = PBXFileReference; lastKnownFileType = sourcecode.swift; path = MovieDetailView.swift; sourceTree = "<group>"; };
		4BB0BC072B8364C100B20014 /* MoviesViewModel.swift */ = {isa = PBXFileReference; lastKnownFileType = sourcecode.swift; path = MoviesViewModel.swift; sourceTree = "<group>"; };
		4BB0BC0A2B83689100B20014 /* AppCoordinator.swift */ = {isa = PBXFileReference; lastKnownFileType = sourcecode.swift; path = AppCoordinator.swift; sourceTree = "<group>"; };
		4BB0BC0E2B845BBF00B20014 /* MovieRatingViewController.swift */ = {isa = PBXFileReference; lastKnownFileType = sourcecode.swift; path = MovieRatingViewController.swift; sourceTree = "<group>"; };
		4BB0BC102B845C1400B20014 /* MovieRatingView.swift */ = {isa = PBXFileReference; lastKnownFileType = sourcecode.swift; path = MovieRatingView.swift; sourceTree = "<group>"; };
		4BB0BC122B84703200B20014 /* FavoriteView.swift */ = {isa = PBXFileReference; lastKnownFileType = sourcecode.swift; path = FavoriteView.swift; sourceTree = "<group>"; };
		4BB0BC142B84705A00B20014 /* FavoriteViewController.swift */ = {isa = PBXFileReference; lastKnownFileType = sourcecode.swift; path = FavoriteViewController.swift; sourceTree = "<group>"; };
		4BB0BC162B8480E600B20014 /* FavoriteCell.swift */ = {isa = PBXFileReference; lastKnownFileType = sourcecode.swift; path = FavoriteCell.swift; sourceTree = "<group>"; };
		4BB0BC182B848C5100B20014 /* FavoriteItem.swift */ = {isa = PBXFileReference; lastKnownFileType = sourcecode.swift; path = FavoriteItem.swift; sourceTree = "<group>"; };
/* End PBXFileReference section */

/* Begin PBXFrameworksBuildPhase section */
		4B7B9AEE2B81B933009B8E9A /* Frameworks */ = {
			isa = PBXFrameworksBuildPhase;
			buildActionMask = 2147483647;
			files = (
				4BB0BBC62B81ED0D00B20014 /* SnapKit in Frameworks */,
			);
			runOnlyForDeploymentPostprocessing = 0;
		};
		4B7B9B042B81B935009B8E9A /* Frameworks */ = {
			isa = PBXFrameworksBuildPhase;
			buildActionMask = 2147483647;
			files = (
			);
			runOnlyForDeploymentPostprocessing = 0;
		};
		4B7B9B0E2B81B935009B8E9A /* Frameworks */ = {
			isa = PBXFrameworksBuildPhase;
			buildActionMask = 2147483647;
			files = (
			);
			runOnlyForDeploymentPostprocessing = 0;
		};
/* End PBXFrameworksBuildPhase section */

/* Begin PBXGroup section */
		4B7B9AE82B81B933009B8E9A = {
			isa = PBXGroup;
			children = (
				4B7B9AF32B81B933009B8E9A /* MovieSearch */,
				4B7B9B0A2B81B935009B8E9A /* MovieSearchTests */,
				4B7B9B142B81B935009B8E9A /* MovieSearchUITests */,
				4B7B9AF22B81B933009B8E9A /* Products */,
			);
			sourceTree = "<group>";
		};
		4B7B9AF22B81B933009B8E9A /* Products */ = {
			isa = PBXGroup;
			children = (
				4B7B9AF12B81B933009B8E9A /* MovieSearch.app */,
				4B7B9B072B81B935009B8E9A /* MovieSearchTests.xctest */,
				4B7B9B112B81B935009B8E9A /* MovieSearchUITests.xctest */,
			);
			name = Products;
			sourceTree = "<group>";
		};
		4B7B9AF32B81B933009B8E9A /* MovieSearch */ = {
			isa = PBXGroup;
			children = (
				4BB0BC092B83687700B20014 /* Coordinators */,
				4BB0BBC02B81E0C700B20014 /* Services */,
				4B7B9B262B81B9DF009B8E9A /* Models */,
				4BB0BC062B8364A300B20014 /* ViewModels */,
				4BB0BC032B8360DA00B20014 /* ViewControllers */,
				4B7B9B242B81B9BD009B8E9A /* Views */,
				4BB0BBEB2B82E5A600B20014 /* Managers */,
				4BB0BBC92B81F0F900B20014 /* Utilities */,
				4BB0BC0D2B8381F300B20014 /* Extensions */,
				4B7B9AF42B81B933009B8E9A /* AppDelegate.swift */,
				4B7B9AF62B81B933009B8E9A /* SceneDelegate.swift */,
				4B7B9AFD2B81B934009B8E9A /* Assets.xcassets */,
				4B7B9B022B81B934009B8E9A /* Info.plist */,
				4BB0BBCE2B82231B00B20014 /* Config.plist */,
				4BB0BBE32B822AF100B20014 /* Config.plist.example */,
			);
			path = MovieSearch;
			sourceTree = "<group>";
		};
		4B7B9B0A2B81B935009B8E9A /* MovieSearchTests */ = {
			isa = PBXGroup;
			children = (
				4BB0BBE02B82252600B20014 /* Models */,
				4BB0BBDD2B8224EB00B20014 /* MockUtilities */,
				4BB0BBD62B82245F00B20014 /* Services */,
				4B7B9B0B2B81B935009B8E9A /* MovieSearchTests.swift */,
			);
			path = MovieSearchTests;
			sourceTree = "<group>";
		};
		4B7B9B142B81B935009B8E9A /* MovieSearchUITests */ = {
			isa = PBXGroup;
			children = (
				4B7B9B152B81B935009B8E9A /* MovieSearchUITests.swift */,
				4B7B9B172B81B935009B8E9A /* MovieSearchUITestsLaunchTests.swift */,
			);
			path = MovieSearchUITests;
			sourceTree = "<group>";
		};
		4B7B9B242B81B9BD009B8E9A /* Views */ = {
			isa = PBXGroup;
			children = (
				4B7B9AFF2B81B934009B8E9A /* LaunchScreen.storyboard */,
				4BB0BC012B835DF600B20014 /* MoviesView.swift */,
				4BB0BBC12B81E66B00B20014 /* MovieCell.swift */,
				4BB0BC042B83610C00B20014 /* MovieDetailView.swift */,
				4BB0BC102B845C1400B20014 /* MovieRatingView.swift */,
				4BB0BC122B84703200B20014 /* FavoriteView.swift */,
				4BB0BC162B8480E600B20014 /* FavoriteCell.swift */,
			);
			path = Views;
			sourceTree = "<group>";
		};
		4B7B9B262B81B9DF009B8E9A /* Models */ = {
			isa = PBXGroup;
			children = (
				4BB0BBD02B8223CC00B20014 /* MoviesResponse.swift */,
				4BB0BBCC2B820C6400B20014 /* MovieItem.swift */,
				4BB0BC182B848C5100B20014 /* FavoriteItem.swift */,
			);
			path = Models;
			sourceTree = "<group>";
		};
		4BB0BBC02B81E0C700B20014 /* Services */ = {
			isa = PBXGroup;
			children = (
				4BB0BBD22B8223F700B20014 /* TMDBService.swift */,
			);
			path = Services;
			sourceTree = "<group>";
		};
		4BB0BBC92B81F0F900B20014 /* Utilities */ = {
			isa = PBXGroup;
			children = (
				4BB0BBE52B8238D700B20014 /* PaddedTextField.swift */,
				4BB0BBF22B82F9B700B20014 /* RoundButton.swift */,
				4BB0BBF42B83136B00B20014 /* RoundImageView.swift */,
				4BB0BBF82B832F6200B20014 /* TwoPartButton.swift */,
			);
			path = Utilities;
			sourceTree = "<group>";
		};
		4BB0BBD62B82245F00B20014 /* Services */ = {
			isa = PBXGroup;
			children = (
				4BB0BBDB2B8224C600B20014 /* TMDBServiceTests.swift */,
			);
			path = Services;
			sourceTree = "<group>";
		};
		4BB0BBDD2B8224EB00B20014 /* MockUtilities */ = {
			isa = PBXGroup;
			children = (
				4BB0BBDE2B82250A00B20014 /* MockURLProtocol.swift */,
			);
			path = MockUtilities;
			sourceTree = "<group>";
		};
		4BB0BBE02B82252600B20014 /* Models */ = {
			isa = PBXGroup;
			children = (
				4BB0BBE12B82253500B20014 /* PopularMovieTests.swift */,
			);
			path = Models;
			sourceTree = "<group>";
		};
		4BB0BBEB2B82E5A600B20014 /* Managers */ = {
			isa = PBXGroup;
			children = (
				4BB0BBD42B82242100B20014 /* ConfigurationManager.swift */,
				4BB0BBEC2B82E5BE00B20014 /* ImageCacheManager.swift */,
			);
			path = Managers;
			sourceTree = "<group>";
		};
		4BB0BC032B8360DA00B20014 /* ViewControllers */ = {
			isa = PBXGroup;
			children = (
				4B7B9AF82B81B933009B8E9A /* MoviesViewController.swift */,
				4BB0BBEE2B82EA8E00B20014 /* MovieDetailViewController.swift */,
				4BB0BC0E2B845BBF00B20014 /* MovieRatingViewController.swift */,
				4BB0BC142B84705A00B20014 /* FavoriteViewController.swift */,
			);
			path = ViewControllers;
			sourceTree = "<group>";
		};
		4BB0BC062B8364A300B20014 /* ViewModels */ = {
			isa = PBXGroup;
			children = (
				4BB0BC072B8364C100B20014 /* MoviesViewModel.swift */,
			);
			path = ViewModels;
			sourceTree = "<group>";
		};
		4BB0BC092B83687700B20014 /* Coordinators */ = {
			isa = PBXGroup;
			children = (
				4BB0BC0A2B83689100B20014 /* AppCoordinator.swift */,
			);
			path = Coordinators;
			sourceTree = "<group>";
		};
		4BB0BC0D2B8381F300B20014 /* Extensions */ = {
			isa = PBXGroup;
			children = (
				4BB0BBCA2B81F18500B20014 /* UIColor+Extensions.swift */,
				4BB0BBE92B82E2C200B20014 /* UIImageView+Extensions.swift */,
				4BB0BBF62B83193600B20014 /* UILabel+Extensions.swift */,
				4BB0BBFA2B83361800B20014 /* UIButton+Extensions.swift */,
			);
			path = Extensions;
			sourceTree = "<group>";
		};
/* End PBXGroup section */

/* Begin PBXNativeTarget section */
		4B7B9AF02B81B933009B8E9A /* MovieSearch */ = {
			isa = PBXNativeTarget;
			buildConfigurationList = 4B7B9B1B2B81B935009B8E9A /* Build configuration list for PBXNativeTarget "MovieSearch" */;
			buildPhases = (
				4B7B9AED2B81B933009B8E9A /* Sources */,
				4B7B9AEE2B81B933009B8E9A /* Frameworks */,
				4B7B9AEF2B81B933009B8E9A /* Resources */,
			);
			buildRules = (
			);
			dependencies = (
			);
			name = MovieSearch;
			packageProductDependencies = (
				4BB0BBC52B81ED0D00B20014 /* SnapKit */,
			);
			productName = MovieSearch;
			productReference = 4B7B9AF12B81B933009B8E9A /* MovieSearch.app */;
			productType = "com.apple.product-type.application";
		};
		4B7B9B062B81B935009B8E9A /* MovieSearchTests */ = {
			isa = PBXNativeTarget;
			buildConfigurationList = 4B7B9B1E2B81B935009B8E9A /* Build configuration list for PBXNativeTarget "MovieSearchTests" */;
			buildPhases = (
				4B7B9B032B81B935009B8E9A /* Sources */,
				4B7B9B042B81B935009B8E9A /* Frameworks */,
				4B7B9B052B81B935009B8E9A /* Resources */,
			);
			buildRules = (
			);
			dependencies = (
				4B7B9B092B81B935009B8E9A /* PBXTargetDependency */,
			);
			name = MovieSearchTests;
			productName = MovieSearchTests;
			productReference = 4B7B9B072B81B935009B8E9A /* MovieSearchTests.xctest */;
			productType = "com.apple.product-type.bundle.unit-test";
		};
		4B7B9B102B81B935009B8E9A /* MovieSearchUITests */ = {
			isa = PBXNativeTarget;
			buildConfigurationList = 4B7B9B212B81B935009B8E9A /* Build configuration list for PBXNativeTarget "MovieSearchUITests" */;
			buildPhases = (
				4B7B9B0D2B81B935009B8E9A /* Sources */,
				4B7B9B0E2B81B935009B8E9A /* Frameworks */,
				4B7B9B0F2B81B935009B8E9A /* Resources */,
			);
			buildRules = (
			);
			dependencies = (
				4B7B9B132B81B935009B8E9A /* PBXTargetDependency */,
			);
			name = MovieSearchUITests;
			productName = MovieSearchUITests;
			productReference = 4B7B9B112B81B935009B8E9A /* MovieSearchUITests.xctest */;
			productType = "com.apple.product-type.bundle.ui-testing";
		};
/* End PBXNativeTarget section */

/* Begin PBXProject section */
		4B7B9AE92B81B933009B8E9A /* Project object */ = {
			isa = PBXProject;
			attributes = {
				BuildIndependentTargetsInParallel = 1;
				LastSwiftUpdateCheck = 1520;
				LastUpgradeCheck = 1520;
				TargetAttributes = {
					4B7B9AF02B81B933009B8E9A = {
						CreatedOnToolsVersion = 15.2;
					};
					4B7B9B062B81B935009B8E9A = {
						CreatedOnToolsVersion = 15.2;
						TestTargetID = 4B7B9AF02B81B933009B8E9A;
					};
					4B7B9B102B81B935009B8E9A = {
						CreatedOnToolsVersion = 15.2;
						TestTargetID = 4B7B9AF02B81B933009B8E9A;
					};
				};
			};
			buildConfigurationList = 4B7B9AEC2B81B933009B8E9A /* Build configuration list for PBXProject "MovieSearch" */;
			compatibilityVersion = "Xcode 14.0";
			developmentRegion = en;
			hasScannedForEncodings = 0;
			knownRegions = (
				en,
				Base,
			);
			mainGroup = 4B7B9AE82B81B933009B8E9A;
			packageReferences = (
				4BB0BBC42B81ED0D00B20014 /* XCRemoteSwiftPackageReference "SnapKit" */,
			);
			productRefGroup = 4B7B9AF22B81B933009B8E9A /* Products */;
			projectDirPath = "";
			projectRoot = "";
			targets = (
				4B7B9AF02B81B933009B8E9A /* MovieSearch */,
				4B7B9B062B81B935009B8E9A /* MovieSearchTests */,
				4B7B9B102B81B935009B8E9A /* MovieSearchUITests */,
			);
		};
/* End PBXProject section */

/* Begin PBXResourcesBuildPhase section */
		4B7B9AEF2B81B933009B8E9A /* Resources */ = {
			isa = PBXResourcesBuildPhase;
			buildActionMask = 2147483647;
			files = (
				4B7B9B012B81B934009B8E9A /* LaunchScreen.storyboard in Resources */,
				4BB0BBCF2B82231B00B20014 /* Config.plist in Resources */,
				4BB0BBE42B822AF100B20014 /* Config.plist.example in Resources */,
				4B7B9AFE2B81B934009B8E9A /* Assets.xcassets in Resources */,
			);
			runOnlyForDeploymentPostprocessing = 0;
		};
		4B7B9B052B81B935009B8E9A /* Resources */ = {
			isa = PBXResourcesBuildPhase;
			buildActionMask = 2147483647;
			files = (
			);
			runOnlyForDeploymentPostprocessing = 0;
		};
		4B7B9B0F2B81B935009B8E9A /* Resources */ = {
			isa = PBXResourcesBuildPhase;
			buildActionMask = 2147483647;
			files = (
			);
			runOnlyForDeploymentPostprocessing = 0;
		};
/* End PBXResourcesBuildPhase section */

/* Begin PBXSourcesBuildPhase section */
		4B7B9AED2B81B933009B8E9A /* Sources */ = {
			isa = PBXSourcesBuildPhase;
			buildActionMask = 2147483647;
			files = (
				4BB0BBF72B83193700B20014 /* UILabel+Extensions.swift in Sources */,
				4BB0BBD12B8223CC00B20014 /* MoviesResponse.swift in Sources */,
				4BB0BBE62B8238D700B20014 /* PaddedTextField.swift in Sources */,
				4BB0BC132B84703200B20014 /* FavoriteView.swift in Sources */,
				4BB0BBCD2B820C6400B20014 /* MovieItem.swift in Sources */,
				4BB0BC0F2B845BBF00B20014 /* MovieRatingViewController.swift in Sources */,
				4BB0BBFB2B83361800B20014 /* UIButton+Extensions.swift in Sources */,
				4BB0BC022B835DF600B20014 /* MoviesView.swift in Sources */,
				4BB0BC0B2B83689100B20014 /* AppCoordinator.swift in Sources */,
				4BB0BC112B845C1400B20014 /* MovieRatingView.swift in Sources */,
				4BB0BBD52B82242100B20014 /* ConfigurationManager.swift in Sources */,
				4BB0BBEF2B82EA8E00B20014 /* MovieDetailViewController.swift in Sources */,
				4BB0BBF52B83136B00B20014 /* RoundImageView.swift in Sources */,
				4BB0BBF92B832F6200B20014 /* TwoPartButton.swift in Sources */,
				4B7B9AF92B81B933009B8E9A /* MoviesViewController.swift in Sources */,
				4BB0BC172B8480E600B20014 /* FavoriteCell.swift in Sources */,
				4BB0BC192B848C5100B20014 /* FavoriteItem.swift in Sources */,
				4BB0BBF32B82F9B700B20014 /* RoundButton.swift in Sources */,
				4BB0BBED2B82E5BE00B20014 /* ImageCacheManager.swift in Sources */,
				4BB0BBCB2B81F18500B20014 /* UIColor+Extensions.swift in Sources */,
				4BB0BBEA2B82E2C200B20014 /* UIImageView+Extensions.swift in Sources */,
				4BB0BBD32B8223F700B20014 /* TMDBService.swift in Sources */,
				4B7B9AF52B81B933009B8E9A /* AppDelegate.swift in Sources */,
				4BB0BBC22B81E66B00B20014 /* MovieCell.swift in Sources */,
				4BB0BC152B84705A00B20014 /* FavoriteViewController.swift in Sources */,
				4B7B9AF72B81B933009B8E9A /* SceneDelegate.swift in Sources */,
				4BB0BC082B8364C100B20014 /* MoviesViewModel.swift in Sources */,
				4BB0BC052B83610C00B20014 /* MovieDetailView.swift in Sources */,
			);
			runOnlyForDeploymentPostprocessing = 0;
		};
		4B7B9B032B81B935009B8E9A /* Sources */ = {
			isa = PBXSourcesBuildPhase;
			buildActionMask = 2147483647;
			files = (
				4BB0BBDF2B82250A00B20014 /* MockURLProtocol.swift in Sources */,
				4BB0BBDC2B8224C600B20014 /* TMDBServiceTests.swift in Sources */,
				4BB0BBE22B82253500B20014 /* PopularMovieTests.swift in Sources */,
				4B7B9B0C2B81B935009B8E9A /* MovieSearchTests.swift in Sources */,
			);
			runOnlyForDeploymentPostprocessing = 0;
		};
		4B7B9B0D2B81B935009B8E9A /* Sources */ = {
			isa = PBXSourcesBuildPhase;
			buildActionMask = 2147483647;
			files = (
				4B7B9B162B81B935009B8E9A /* MovieSearchUITests.swift in Sources */,
				4B7B9B182B81B935009B8E9A /* MovieSearchUITestsLaunchTests.swift in Sources */,
			);
			runOnlyForDeploymentPostprocessing = 0;
		};
/* End PBXSourcesBuildPhase section */

/* Begin PBXTargetDependency section */
		4B7B9B092B81B935009B8E9A /* PBXTargetDependency */ = {
			isa = PBXTargetDependency;
			target = 4B7B9AF02B81B933009B8E9A /* MovieSearch */;
			targetProxy = 4B7B9B082B81B935009B8E9A /* PBXContainerItemProxy */;
		};
		4B7B9B132B81B935009B8E9A /* PBXTargetDependency */ = {
			isa = PBXTargetDependency;
			target = 4B7B9AF02B81B933009B8E9A /* MovieSearch */;
			targetProxy = 4B7B9B122B81B935009B8E9A /* PBXContainerItemProxy */;
		};
/* End PBXTargetDependency section */

/* Begin PBXVariantGroup section */
		4B7B9AFF2B81B934009B8E9A /* LaunchScreen.storyboard */ = {
			isa = PBXVariantGroup;
			children = (
				4B7B9B002B81B934009B8E9A /* Base */,
			);
			name = LaunchScreen.storyboard;
			sourceTree = "<group>";
		};
/* End PBXVariantGroup section */

/* Begin XCBuildConfiguration section */
		4B7B9B192B81B935009B8E9A /* Debug */ = {
			isa = XCBuildConfiguration;
			buildSettings = {
				ALWAYS_SEARCH_USER_PATHS = NO;
				ASSETCATALOG_COMPILER_GENERATE_SWIFT_ASSET_SYMBOL_EXTENSIONS = YES;
				CLANG_ANALYZER_NONNULL = YES;
				CLANG_ANALYZER_NUMBER_OBJECT_CONVERSION = YES_AGGRESSIVE;
				CLANG_CXX_LANGUAGE_STANDARD = "gnu++20";
				CLANG_ENABLE_MODULES = YES;
				CLANG_ENABLE_OBJC_ARC = YES;
				CLANG_ENABLE_OBJC_WEAK = YES;
				CLANG_WARN_BLOCK_CAPTURE_AUTORELEASING = YES;
				CLANG_WARN_BOOL_CONVERSION = YES;
				CLANG_WARN_COMMA = YES;
				CLANG_WARN_CONSTANT_CONVERSION = YES;
				CLANG_WARN_DEPRECATED_OBJC_IMPLEMENTATIONS = YES;
				CLANG_WARN_DIRECT_OBJC_ISA_USAGE = YES_ERROR;
				CLANG_WARN_DOCUMENTATION_COMMENTS = YES;
				CLANG_WARN_EMPTY_BODY = YES;
				CLANG_WARN_ENUM_CONVERSION = YES;
				CLANG_WARN_INFINITE_RECURSION = YES;
				CLANG_WARN_INT_CONVERSION = YES;
				CLANG_WARN_NON_LITERAL_NULL_CONVERSION = YES;
				CLANG_WARN_OBJC_IMPLICIT_RETAIN_SELF = YES;
				CLANG_WARN_OBJC_LITERAL_CONVERSION = YES;
				CLANG_WARN_OBJC_ROOT_CLASS = YES_ERROR;
				CLANG_WARN_QUOTED_INCLUDE_IN_FRAMEWORK_HEADER = YES;
				CLANG_WARN_RANGE_LOOP_ANALYSIS = YES;
				CLANG_WARN_STRICT_PROTOTYPES = YES;
				CLANG_WARN_SUSPICIOUS_MOVE = YES;
				CLANG_WARN_UNGUARDED_AVAILABILITY = YES_AGGRESSIVE;
				CLANG_WARN_UNREACHABLE_CODE = YES;
				CLANG_WARN__DUPLICATE_METHOD_MATCH = YES;
				COPY_PHASE_STRIP = NO;
				DEBUG_INFORMATION_FORMAT = dwarf;
				ENABLE_STRICT_OBJC_MSGSEND = YES;
				ENABLE_TESTABILITY = YES;
				ENABLE_USER_SCRIPT_SANDBOXING = YES;
				GCC_C_LANGUAGE_STANDARD = gnu17;
				GCC_DYNAMIC_NO_PIC = NO;
				GCC_NO_COMMON_BLOCKS = YES;
				GCC_OPTIMIZATION_LEVEL = 0;
				GCC_PREPROCESSOR_DEFINITIONS = (
					"DEBUG=1",
					"$(inherited)",
				);
				GCC_WARN_64_TO_32_BIT_CONVERSION = YES;
				GCC_WARN_ABOUT_RETURN_TYPE = YES_ERROR;
				GCC_WARN_UNDECLARED_SELECTOR = YES;
				GCC_WARN_UNINITIALIZED_AUTOS = YES_AGGRESSIVE;
				GCC_WARN_UNUSED_FUNCTION = YES;
				GCC_WARN_UNUSED_VARIABLE = YES;
				IPHONEOS_DEPLOYMENT_TARGET = 15.0;
				LOCALIZATION_PREFERS_STRING_CATALOGS = YES;
				MTL_ENABLE_DEBUG_INFO = INCLUDE_SOURCE;
				MTL_FAST_MATH = YES;
				ONLY_ACTIVE_ARCH = YES;
				SDKROOT = iphoneos;
				SWIFT_ACTIVE_COMPILATION_CONDITIONS = "DEBUG $(inherited)";
				SWIFT_OPTIMIZATION_LEVEL = "-Onone";
			};
			name = Debug;
		};
		4B7B9B1A2B81B935009B8E9A /* Release */ = {
			isa = XCBuildConfiguration;
			buildSettings = {
				ALWAYS_SEARCH_USER_PATHS = NO;
				ASSETCATALOG_COMPILER_GENERATE_SWIFT_ASSET_SYMBOL_EXTENSIONS = YES;
				CLANG_ANALYZER_NONNULL = YES;
				CLANG_ANALYZER_NUMBER_OBJECT_CONVERSION = YES_AGGRESSIVE;
				CLANG_CXX_LANGUAGE_STANDARD = "gnu++20";
				CLANG_ENABLE_MODULES = YES;
				CLANG_ENABLE_OBJC_ARC = YES;
				CLANG_ENABLE_OBJC_WEAK = YES;
				CLANG_WARN_BLOCK_CAPTURE_AUTORELEASING = YES;
				CLANG_WARN_BOOL_CONVERSION = YES;
				CLANG_WARN_COMMA = YES;
				CLANG_WARN_CONSTANT_CONVERSION = YES;
				CLANG_WARN_DEPRECATED_OBJC_IMPLEMENTATIONS = YES;
				CLANG_WARN_DIRECT_OBJC_ISA_USAGE = YES_ERROR;
				CLANG_WARN_DOCUMENTATION_COMMENTS = YES;
				CLANG_WARN_EMPTY_BODY = YES;
				CLANG_WARN_ENUM_CONVERSION = YES;
				CLANG_WARN_INFINITE_RECURSION = YES;
				CLANG_WARN_INT_CONVERSION = YES;
				CLANG_WARN_NON_LITERAL_NULL_CONVERSION = YES;
				CLANG_WARN_OBJC_IMPLICIT_RETAIN_SELF = YES;
				CLANG_WARN_OBJC_LITERAL_CONVERSION = YES;
				CLANG_WARN_OBJC_ROOT_CLASS = YES_ERROR;
				CLANG_WARN_QUOTED_INCLUDE_IN_FRAMEWORK_HEADER = YES;
				CLANG_WARN_RANGE_LOOP_ANALYSIS = YES;
				CLANG_WARN_STRICT_PROTOTYPES = YES;
				CLANG_WARN_SUSPICIOUS_MOVE = YES;
				CLANG_WARN_UNGUARDED_AVAILABILITY = YES_AGGRESSIVE;
				CLANG_WARN_UNREACHABLE_CODE = YES;
				CLANG_WARN__DUPLICATE_METHOD_MATCH = YES;
				COPY_PHASE_STRIP = NO;
				DEBUG_INFORMATION_FORMAT = "dwarf-with-dsym";
				ENABLE_NS_ASSERTIONS = NO;
				ENABLE_STRICT_OBJC_MSGSEND = YES;
				ENABLE_USER_SCRIPT_SANDBOXING = YES;
				GCC_C_LANGUAGE_STANDARD = gnu17;
				GCC_NO_COMMON_BLOCKS = YES;
				GCC_WARN_64_TO_32_BIT_CONVERSION = YES;
				GCC_WARN_ABOUT_RETURN_TYPE = YES_ERROR;
				GCC_WARN_UNDECLARED_SELECTOR = YES;
				GCC_WARN_UNINITIALIZED_AUTOS = YES_AGGRESSIVE;
				GCC_WARN_UNUSED_FUNCTION = YES;
				GCC_WARN_UNUSED_VARIABLE = YES;
				IPHONEOS_DEPLOYMENT_TARGET = 15.0;
				LOCALIZATION_PREFERS_STRING_CATALOGS = YES;
				MTL_ENABLE_DEBUG_INFO = NO;
				MTL_FAST_MATH = YES;
				SDKROOT = iphoneos;
				SWIFT_COMPILATION_MODE = wholemodule;
				VALIDATE_PRODUCT = YES;
			};
			name = Release;
		};
		4B7B9B1C2B81B935009B8E9A /* Debug */ = {
			isa = XCBuildConfiguration;
			buildSettings = {
				ASSETCATALOG_COMPILER_APPICON_NAME = AppIcon;
				ASSETCATALOG_COMPILER_GLOBAL_ACCENT_COLOR_NAME = AccentColor;
				CODE_SIGN_STYLE = Automatic;
				CURRENT_PROJECT_VERSION = 1;
				DEVELOPMENT_TEAM = 5P2NDJK3X5;
				GENERATE_INFOPLIST_FILE = YES;
				INFOPLIST_FILE = MovieSearch/Info.plist;
				INFOPLIST_KEY_UIApplicationSupportsIndirectInputEvents = YES;
				INFOPLIST_KEY_UILaunchStoryboardName = LaunchScreen;
				INFOPLIST_KEY_UISupportedInterfaceOrientations = UIInterfaceOrientationPortrait;
				INFOPLIST_KEY_UISupportedInterfaceOrientations_iPad = "UIInterfaceOrientationPortrait UIInterfaceOrientationPortraitUpsideDown";
				INFOPLIST_KEY_UIUserInterfaceStyle = Light;
				LD_RUNPATH_SEARCH_PATHS = (
					"$(inherited)",
					"@executable_path/Frameworks",
				);
				MARKETING_VERSION = 1.0;
				PRODUCT_BUNDLE_IDENTIFIER = tw.shihhan.MovieSearch;
				PRODUCT_NAME = "$(TARGET_NAME)";
				SWIFT_EMIT_LOC_STRINGS = YES;
				SWIFT_VERSION = 5.0;
				TARGETED_DEVICE_FAMILY = "1,2";
			};
			name = Debug;
		};
		4B7B9B1D2B81B935009B8E9A /* Release */ = {
			isa = XCBuildConfiguration;
			buildSettings = {
				ASSETCATALOG_COMPILER_APPICON_NAME = AppIcon;
				ASSETCATALOG_COMPILER_GLOBAL_ACCENT_COLOR_NAME = AccentColor;
				CODE_SIGN_STYLE = Automatic;
				CURRENT_PROJECT_VERSION = 1;
				DEVELOPMENT_TEAM = 5P2NDJK3X5;
				GENERATE_INFOPLIST_FILE = YES;
				INFOPLIST_FILE = MovieSearch/Info.plist;
				INFOPLIST_KEY_UIApplicationSupportsIndirectInputEvents = YES;
				INFOPLIST_KEY_UILaunchStoryboardName = LaunchScreen;
				INFOPLIST_KEY_UISupportedInterfaceOrientations = UIInterfaceOrientationPortrait;
				INFOPLIST_KEY_UISupportedInterfaceOrientations_iPad = "UIInterfaceOrientationPortrait UIInterfaceOrientationPortraitUpsideDown";
				INFOPLIST_KEY_UIUserInterfaceStyle = Light;
				LD_RUNPATH_SEARCH_PATHS = (
					"$(inherited)",
					"@executable_path/Frameworks",
				);
				MARKETING_VERSION = 1.0;
				PRODUCT_BUNDLE_IDENTIFIER = tw.shihhan.MovieSearch;
				PRODUCT_NAME = "$(TARGET_NAME)";
				SWIFT_EMIT_LOC_STRINGS = YES;
				SWIFT_VERSION = 5.0;
				TARGETED_DEVICE_FAMILY = "1,2";
			};
			name = Release;
		};
		4B7B9B1F2B81B935009B8E9A /* Debug */ = {
			isa = XCBuildConfiguration;
			buildSettings = {
				ALWAYS_EMBED_SWIFT_STANDARD_LIBRARIES = YES;
				BUNDLE_LOADER = "$(TEST_HOST)";
				CODE_SIGN_STYLE = Automatic;
				CURRENT_PROJECT_VERSION = 1;
				DEVELOPMENT_TEAM = 5P2NDJK3X5;
				GENERATE_INFOPLIST_FILE = YES;
				IPHONEOS_DEPLOYMENT_TARGET = 17.2;
				MARKETING_VERSION = 1.0;
				PRODUCT_BUNDLE_IDENTIFIER = shihhan.MovieSearchTests;
				PRODUCT_NAME = "$(TARGET_NAME)";
				SWIFT_EMIT_LOC_STRINGS = NO;
				SWIFT_VERSION = 5.0;
				TARGETED_DEVICE_FAMILY = "1,2";
				TEST_HOST = "$(BUILT_PRODUCTS_DIR)/MovieSearch.app/$(BUNDLE_EXECUTABLE_FOLDER_PATH)/MovieSearch";
			};
			name = Debug;
		};
		4B7B9B202B81B935009B8E9A /* Release */ = {
			isa = XCBuildConfiguration;
			buildSettings = {
				ALWAYS_EMBED_SWIFT_STANDARD_LIBRARIES = YES;
				BUNDLE_LOADER = "$(TEST_HOST)";
				CODE_SIGN_STYLE = Automatic;
				CURRENT_PROJECT_VERSION = 1;
				DEVELOPMENT_TEAM = 5P2NDJK3X5;
				GENERATE_INFOPLIST_FILE = YES;
				IPHONEOS_DEPLOYMENT_TARGET = 17.2;
				MARKETING_VERSION = 1.0;
				PRODUCT_BUNDLE_IDENTIFIER = shihhan.MovieSearchTests;
				PRODUCT_NAME = "$(TARGET_NAME)";
				SWIFT_EMIT_LOC_STRINGS = NO;
				SWIFT_VERSION = 5.0;
				TARGETED_DEVICE_FAMILY = "1,2";
				TEST_HOST = "$(BUILT_PRODUCTS_DIR)/MovieSearch.app/$(BUNDLE_EXECUTABLE_FOLDER_PATH)/MovieSearch";
			};
			name = Release;
		};
		4B7B9B222B81B935009B8E9A /* Debug */ = {
			isa = XCBuildConfiguration;
			buildSettings = {
				ALWAYS_EMBED_SWIFT_STANDARD_LIBRARIES = YES;
				CODE_SIGN_STYLE = Automatic;
				CURRENT_PROJECT_VERSION = 1;
				DEVELOPMENT_TEAM = 5P2NDJK3X5;
				GENERATE_INFOPLIST_FILE = YES;
				MARKETING_VERSION = 1.0;
				PRODUCT_BUNDLE_IDENTIFIER = shihhan.MovieSearchUITests;
				PRODUCT_NAME = "$(TARGET_NAME)";
				SWIFT_EMIT_LOC_STRINGS = NO;
				SWIFT_VERSION = 5.0;
				TARGETED_DEVICE_FAMILY = "1,2";
				TEST_TARGET_NAME = MovieSearch;
			};
			name = Debug;
		};
		4B7B9B232B81B935009B8E9A /* Release */ = {
			isa = XCBuildConfiguration;
			buildSettings = {
				ALWAYS_EMBED_SWIFT_STANDARD_LIBRARIES = YES;
				CODE_SIGN_STYLE = Automatic;
				CURRENT_PROJECT_VERSION = 1;
				DEVELOPMENT_TEAM = 5P2NDJK3X5;
				GENERATE_INFOPLIST_FILE = YES;
				MARKETING_VERSION = 1.0;
				PRODUCT_BUNDLE_IDENTIFIER = shihhan.MovieSearchUITests;
				PRODUCT_NAME = "$(TARGET_NAME)";
				SWIFT_EMIT_LOC_STRINGS = NO;
				SWIFT_VERSION = 5.0;
				TARGETED_DEVICE_FAMILY = "1,2";
				TEST_TARGET_NAME = MovieSearch;
			};
			name = Release;
		};
/* End XCBuildConfiguration section */

/* Begin XCConfigurationList section */
		4B7B9AEC2B81B933009B8E9A /* Build configuration list for PBXProject "MovieSearch" */ = {
			isa = XCConfigurationList;
			buildConfigurations = (
				4B7B9B192B81B935009B8E9A /* Debug */,
				4B7B9B1A2B81B935009B8E9A /* Release */,
			);
			defaultConfigurationIsVisible = 0;
			defaultConfigurationName = Release;
		};
		4B7B9B1B2B81B935009B8E9A /* Build configuration list for PBXNativeTarget "MovieSearch" */ = {
			isa = XCConfigurationList;
			buildConfigurations = (
				4B7B9B1C2B81B935009B8E9A /* Debug */,
				4B7B9B1D2B81B935009B8E9A /* Release */,
			);
			defaultConfigurationIsVisible = 0;
			defaultConfigurationName = Release;
		};
		4B7B9B1E2B81B935009B8E9A /* Build configuration list for PBXNativeTarget "MovieSearchTests" */ = {
			isa = XCConfigurationList;
			buildConfigurations = (
				4B7B9B1F2B81B935009B8E9A /* Debug */,
				4B7B9B202B81B935009B8E9A /* Release */,
			);
			defaultConfigurationIsVisible = 0;
			defaultConfigurationName = Release;
		};
		4B7B9B212B81B935009B8E9A /* Build configuration list for PBXNativeTarget "MovieSearchUITests" */ = {
			isa = XCConfigurationList;
			buildConfigurations = (
				4B7B9B222B81B935009B8E9A /* Debug */,
				4B7B9B232B81B935009B8E9A /* Release */,
			);
			defaultConfigurationIsVisible = 0;
			defaultConfigurationName = Release;
		};
/* End XCConfigurationList section */

/* Begin XCRemoteSwiftPackageReference section */
		4BB0BBC42B81ED0D00B20014 /* XCRemoteSwiftPackageReference "SnapKit" */ = {
			isa = XCRemoteSwiftPackageReference;
			repositoryURL = "https://github.com/SnapKit/SnapKit.git";
			requirement = {
				kind = upToNextMinorVersion;
				minimumVersion = 5.7.0;
			};
		};
/* End XCRemoteSwiftPackageReference section */

/* Begin XCSwiftPackageProductDependency section */
		4BB0BBC52B81ED0D00B20014 /* SnapKit */ = {
			isa = XCSwiftPackageProductDependency;
			package = 4BB0BBC42B81ED0D00B20014 /* XCRemoteSwiftPackageReference "SnapKit" */;
			productName = SnapKit;
		};
/* End XCSwiftPackageProductDependency section */
	};
	rootObject = 4B7B9AE92B81B933009B8E9A /* Project object */;
}
