// !$*UTF8*$!
{
	archiveVersion = 1;
	classes = {
	};
	objectVersion = 56;
	objects = {

/* Begin PBXBuildFile section */
		4B7B9AF52B81B933009B8E9A /* AppDelegate.swift in Sources */ = {isa = PBXBuildFile; fileRef = 4B7B9AF42B81B933009B8E9A /* AppDelegate.swift */; };
		4B7B9AF72B81B933009B8E9A /* SceneDelegate.swift in Sources */ = {isa = PBXBuildFile; fileRef = 4B7B9AF62B81B933009B8E9A /* SceneDelegate.swift */; };
		4B7B9AF92B81B933009B8E9A /* ViewController.swift in Sources */ = {isa = PBXBuildFile; fileRef = 4B7B9AF82B81B933009B8E9A /* ViewController.swift */; };
		4B7B9AFE2B81B934009B8E9A /* Assets.xcassets in Resources */ = {isa = PBXBuildFile; fileRef = 4B7B9AFD2B81B934009B8E9A /* Assets.xcassets */; };
		4B7B9B012B81B934009B8E9A /* LaunchScreen.storyboard in Resources */ = {isa = PBXBuildFile; fileRef = 4B7B9AFF2B81B934009B8E9A /* LaunchScreen.storyboard */; };
		4B7B9B0C2B81B935009B8E9A /* MovieSearchTests.swift in Sources */ = {isa = PBXBuildFile; fileRef = 4B7B9B0B2B81B935009B8E9A /* MovieSearchTests.swift */; };
		4B7B9B162B81B935009B8E9A /* MovieSearchUITests.swift in Sources */ = {isa = PBXBuildFile; fileRef = 4B7B9B152B81B935009B8E9A /* MovieSearchUITests.swift */; };
		4B7B9B182B81B935009B8E9A /* MovieSearchUITestsLaunchTests.swift in Sources */ = {isa = PBXBuildFile; fileRef = 4B7B9B172B81B935009B8E9A /* MovieSearchUITestsLaunchTests.swift */; };
		4BB0BBC62B81ED0D00B20014 /* SnapKit in Frameworks */ = {isa = PBXBuildFile; productRef = 4BB0BBC52B81ED0D00B20014 /* SnapKit */; };
		4BB0BBC82B81ED0D00B20014 /* SnapKit-Dynamic in Frameworks */ = {isa = PBXBuildFile; productRef = 4BB0BBC72B81ED0D00B20014 /* SnapKit-Dynamic */; };
/* End PBXBuildFile section */

/* Begin PBXContainerItemProxy section */
		4B7B9B082B81B935009B8E9A /* PBXContainerItemProxy */ = {
			isa = PBXContainerItemProxy;
			containerPortal = 4B7B9AE92B81B933009B8E9A /* Project object */;
			proxyType = 1;
			remoteGlobalIDString = 4B7B9AF02B81B933009B8E9A;
			remoteInfo = MovieSearch;
		};
		4B7B9B122B81B935009B8E9A /* PBXContainerItemProxy */ = {
			isa = PBXContainerItemProxy;
			containerPortal = 4B7B9AE92B81B933009B8E9A /* Project object */;
			proxyType = 1;
			remoteGlobalIDString = 4B7B9AF02B81B933009B8E9A;
			remoteInfo = MovieSearch;
		};
/* End PBXContainerItemProxy section */

/* Begin PBXFileReference section */
		4B7B9AF12B81B933009B8E9A /* MovieSearch.app */ = {isa = PBXFileReference; explicitFileType = wrapper.application; includeInIndex = 0; path = MovieSearch.app; sourceTree = BUILT_PRODUCTS_DIR; };
		4B7B9AF42B81B933009B8E9A /* AppDelegate.swift */ = {isa = PBXFileReference; lastKnownFileType = sourcecode.swift; path = AppDelegate.swift; sourceTree = "<group>"; };
		4B7B9AF62B81B933009B8E9A /* SceneDelegate.swift */ = {isa = PBXFileReference; lastKnownFileType = sourcecode.swift; path = SceneDelegate.swift; sourceTree = "<group>"; };
		4B7B9AF82B81B933009B8E9A /* ViewController.swift */ = {isa = PBXFileReference; lastKnownFileType = sourcecode.swift; path = ViewController.swift; sourceTree = "<group>"; };
		4B7B9AFD2B81B934009B8E9A /* Assets.xcassets */ = {isa = PBXFileReference; lastKnownFileType = folder.assetcatalog; path = Assets.xcassets; sourceTree = "<group>"; };
		4B7B9B002B81B934009B8E9A /* Base */ = {isa = PBXFileReference; lastKnownFileType = file.storyboard; name = Base; path = Base.lproj/LaunchScreen.storyboard; sourceTree = "<group>"; };
		4B7B9B022B81B934009B8E9A /* Info.plist */ = {isa = PBXFileReference; lastKnownFileType = text.plist.xml; path = Info.plist; sourceTree = "<group>"; };
		4B7B9B072B81B935009B8E9A /* MovieSearchTests.xctest */ = {isa = PBXFileReference; explicitFileType = wrapper.cfbundle; includeInIndex = 0; path = MovieSearchTests.xctest; sourceTree = BUILT_PRODUCTS_DIR; };
		4B7B9B0B2B81B935009B8E9A /* MovieSearchTests.swift */ = {isa = PBXFileReference; lastKnownFileType = sourcecode.swift; path = MovieSearchTests.swift; sourceTree = "<group>"; };
		4B7B9B112B81B935009B8E9A /* MovieSearchUITests.xctest */ = {isa = PBXFileReference; explicitFileType = wrapper.cfbundle; includeInIndex = 0; path = MovieSearchUITests.xctest; sourceTree = BUILT_PRODUCTS_DIR; };
		4B7B9B152B81B935009B8E9A /* MovieSearchUITests.swift */ = {isa = PBXFileReference; lastKnownFileType = sourcecode.swift; path = MovieSearchUITests.swift; sourceTree = "<group>"; };
		4B7B9B172B81B935009B8E9A /* MovieSearchUITestsLaunchTests.swift */ = {isa = PBXFileReference; lastKnownFileType = sourcecode.swift; path = MovieSearchUITestsLaunchTests.swift; sourceTree = "<group>"; };
/* End PBXFileReference section */

/* Begin PBXFrameworksBuildPhase section */
		4B7B9AEE2B81B933009B8E9A /* Frameworks */ = {
			isa = PBXFrameworksBuildPhase;
			buildActionMask = 2147483647;
			files = (
				4BB0BBC62B81ED0D00B20014 /* SnapKit in Frameworks */,
				4BB0BBC82B81ED0D00B20014 /* SnapKit-Dynamic in Frameworks */,
			);
			runOnlyForDeploymentPostprocessing = 0;
		};
		4B7B9B042B81B935009B8E9A /* Frameworks */ = {
			isa = PBXFrameworksBuildPhase;
			buildActionMask = 2147483647;
			files = (
			);
			runOnlyForDeploymentPostprocessing = 0;
		};
		4B7B9B0E2B81B935009B8E9A /* Frameworks */ = {
			isa = PBXFrameworksBuildPhase;
			buildActionMask = 2147483647;
			files = (
			);
			runOnlyForDeploymentPostprocessing = 0;
		};
/* End PBXFrameworksBuildPhase section */

/* Begin PBXGroup section */
		4B7B9AE82B81B933009B8E9A = {
			isa = PBXGroup;
			children = (
				4B7B9AF32B81B933009B8E9A /* MovieSearch */,
				4B7B9B0A2B81B935009B8E9A /* MovieSearchTests */,
				4B7B9B142B81B935009B8E9A /* MovieSearchUITests */,
				4B7B9AF22B81B933009B8E9A /* Products */,
			);
			sourceTree = "<group>";
		};
		4B7B9AF22B81B933009B8E9A /* Products */ = {
			isa = PBXGroup;
			children = (
				4B7B9AF12B81B933009B8E9A /* MovieSearch.app */,
				4B7B9B072B81B935009B8E9A /* MovieSearchTests.xctest */,
				4B7B9B112B81B935009B8E9A /* MovieSearchUITests.xctest */,
			);
			name = Products;
			sourceTree = "<group>";
		};
		4B7B9AF32B81B933009B8E9A /* MovieSearch */ = {
			isa = PBXGroup;
			children = (
				4BB0BBC02B81E0C700B20014 /* Services */,
				4B7B9B262B81B9DF009B8E9A /* Models */,
				4B7B9B252B81B9D5009B8E9A /* ViewModels */,
				4B7B9B242B81B9BD009B8E9A /* Views */,
				4B7B9AF42B81B933009B8E9A /* AppDelegate.swift */,
				4B7B9AF62B81B933009B8E9A /* SceneDelegate.swift */,
				4B7B9AFD2B81B934009B8E9A /* Assets.xcassets */,
				4B7B9B022B81B934009B8E9A /* Info.plist */,
			);
			path = MovieSearch;
			sourceTree = "<group>";
		};
		4B7B9B0A2B81B935009B8E9A /* MovieSearchTests */ = {
			isa = PBXGroup;
			children = (
				4B7B9B0B2B81B935009B8E9A /* MovieSearchTests.swift */,
			);
			path = MovieSearchTests;
			sourceTree = "<group>";
		};
		4B7B9B142B81B935009B8E9A /* MovieSearchUITests */ = {
			isa = PBXGroup;
			children = (
				4B7B9B152B81B935009B8E9A /* MovieSearchUITests.swift */,
				4B7B9B172B81B935009B8E9A /* MovieSearchUITestsLaunchTests.swift */,
			);
			path = MovieSearchUITests;
			sourceTree = "<group>";
		};
		4B7B9B242B81B9BD009B8E9A /* Views */ = {
			isa = PBXGroup;
			children = (
				4B7B9AF82B81B933009B8E9A /* ViewController.swift */,
				4B7B9AFF2B81B934009B8E9A /* LaunchScreen.storyboard */,
			);
			path = Views;
			sourceTree = "<group>";
		};
		4B7B9B252B81B9D5009B8E9A /* ViewModels */ = {
			isa = PBXGroup;
			children = (
			);
			path = ViewModels;
			sourceTree = "<group>";
		};
		4B7B9B262B81B9DF009B8E9A /* Models */ = {
			isa = PBXGroup;
			children = (
			);
			path = Models;
			sourceTree = "<group>";
		};
		4BB0BBC02B81E0C700B20014 /* Services */ = {
			isa = PBXGroup;
			children = (
			);
			path = Services;
			sourceTree = "<group>";
		};
/* End PBXGroup section */

/* Begin PBXNativeTarget section */
		4B7B9AF02B81B933009B8E9A /* MovieSearch */ = {
			isa = PBXNativeTarget;
			buildConfigurationList = 4B7B9B1B2B81B935009B8E9A /* Build configuration list for PBXNativeTarget "MovieSearch" */;
			buildPhases = (
				4B7B9AED2B81B933009B8E9A /* Sources */,
				4B7B9AEE2B81B933009B8E9A /* Frameworks */,
				4B7B9AEF2B81B933009B8E9A /* Resources */,
			);
			buildRules = (
			);
			dependencies = (
			);
			name = MovieSearch;
			packageProductDependencies = (
				4BB0BBC52B81ED0D00B20014 /* SnapKit */,
				4BB0BBC72B81ED0D00B20014 /* SnapKit-Dynamic */,
			);
			productName = MovieSearch;
			productReference = 4B7B9AF12B81B933009B8E9A /* MovieSearch.app */;
			productType = "com.apple.product-type.application";
		};
		4B7B9B062B81B935009B8E9A /* MovieSearchTests */ = {
			isa = PBXNativeTarget;
			buildConfigurationList = 4B7B9B1E2B81B935009B8E9A /* Build configuration list for PBXNativeTarget "MovieSearchTests" */;
			buildPhases = (
				4B7B9B032B81B935009B8E9A /* Sources */,
				4B7B9B042B81B935009B8E9A /* Frameworks */,
				4B7B9B052B81B935009B8E9A /* Resources */,
			);
			buildRules = (
			);
			dependencies = (
				4B7B9B092B81B935009B8E9A /* PBXTargetDependency */,
			);
			name = MovieSearchTests;
			productName = MovieSearchTests;
			productReference = 4B7B9B072B81B935009B8E9A /* MovieSearchTests.xctest */;
			productType = "com.apple.product-type.bundle.unit-test";
		};
		4B7B9B102B81B935009B8E9A /* MovieSearchUITests */ = {
			isa = PBXNativeTarget;
			buildConfigurationList = 4B7B9B212B81B935009B8E9A /* Build configuration list for PBXNativeTarget "MovieSearchUITests" */;
			buildPhases = (
				4B7B9B0D2B81B935009B8E9A /* Sources */,
				4B7B9B0E2B81B935009B8E9A /* Frameworks */,
				4B7B9B0F2B81B935009B8E9A /* Resources */,
			);
			buildRules = (
			);
			dependencies = (
				4B7B9B132B81B935009B8E9A /* PBXTargetDependency */,
			);
			name = MovieSearchUITests;
			productName = MovieSearchUITests;
			productReference = 4B7B9B112B81B935009B8E9A /* MovieSearchUITests.xctest */;
			productType = "com.apple.product-type.bundle.ui-testing";
		};
/* End PBXNativeTarget section */

/* Begin PBXProject section */
		4B7B9AE92B81B933009B8E9A /* Project object */ = {
			isa = PBXProject;
			attributes = {
				BuildIndependentTargetsInParallel = 1;
				LastSwiftUpdateCheck = 1520;
				LastUpgradeCheck = 1520;
				TargetAttributes = {
					4B7B9AF02B81B933009B8E9A = {
						CreatedOnToolsVersion = 15.2;
					};
					4B7B9B062B81B935009B8E9A = {
						CreatedOnToolsVersion = 15.2;
						TestTargetID = 4B7B9AF02B81B933009B8E9A;
					};
					4B7B9B102B81B935009B8E9A = {
						CreatedOnToolsVersion = 15.2;
						TestTargetID = 4B7B9AF02B81B933009B8E9A;
					};
				};
			};
			buildConfigurationList = 4B7B9AEC2B81B933009B8E9A /* Build configuration list for PBXProject "MovieSearch" */;
			compatibilityVersion = "Xcode 14.0";
			developmentRegion = en;
			hasScannedForEncodings = 0;
			knownRegions = (
				en,
				Base,
			);
			mainGroup = 4B7B9AE82B81B933009B8E9A;
			packageReferences = (
				4BB0BBC42B81ED0D00B20014 /* XCRemoteSwiftPackageReference "SnapKit" */,
			);
			productRefGroup = 4B7B9AF22B81B933009B8E9A /* Products */;
			projectDirPath = "";
			projectRoot = "";
			targets = (
				4B7B9AF02B81B933009B8E9A /* MovieSearch */,
				4B7B9B062B81B935009B8E9A /* MovieSearchTests */,
				4B7B9B102B81B935009B8E9A /* MovieSearchUITests */,
			);
		};
/* End PBXProject section */

/* Begin PBXResourcesBuildPhase section */
		4B7B9AEF2B81B933009B8E9A /* Resources */ = {
			isa = PBXResourcesBuildPhase;
			buildActionMask = 2147483647;
			files = (
				4B7B9B012B81B934009B8E9A /* LaunchScreen.storyboard in Resources */,
				4B7B9AFE2B81B934009B8E9A /* Assets.xcassets in Resources */,
			);
			runOnlyForDeploymentPostprocessing = 0;
		};
		4B7B9B052B81B935009B8E9A /* Resources */ = {
			isa = PBXResourcesBuildPhase;
			buildActionMask = 2147483647;
			files = (
			);
			runOnlyForDeploymentPostprocessing = 0;
		};
		4B7B9B0F2B81B935009B8E9A /* Resources */ = {
			isa = PBXResourcesBuildPhase;
			buildActionMask = 2147483647;
			files = (
			);
			runOnlyForDeploymentPostprocessing = 0;
		};
/* End PBXResourcesBuildPhase section */

/* Begin PBXSourcesBuildPhase section */
		4B7B9AED2B81B933009B8E9A /* Sources */ = {
			isa = PBXSourcesBuildPhase;
			buildActionMask = 2147483647;
			files = (
				4B7B9AF92B81B933009B8E9A /* ViewController.swift in Sources */,
				4B7B9AF52B81B933009B8E9A /* AppDelegate.swift in Sources */,
				4B7B9AF72B81B933009B8E9A /* SceneDelegate.swift in Sources */,
			);
			runOnlyForDeploymentPostprocessing = 0;
		};
		4B7B9B032B81B935009B8E9A /* Sources */ = {
			isa = PBXSourcesBuildPhase;
			buildActionMask = 2147483647;
			files = (
				4B7B9B0C2B81B935009B8E9A /* MovieSearchTests.swift in Sources */,
			);
			runOnlyForDeploymentPostprocessing = 0;
		};
		4B7B9B0D2B81B935009B8E9A /* Sources */ = {
			isa = PBXSourcesBuildPhase;
			buildActionMask = 2147483647;
			files = (
				4B7B9B162B81B935009B8E9A /* MovieSearchUITests.swift in Sources */,
				4B7B9B182B81B935009B8E9A /* MovieSearchUITestsLaunchTests.swift in Sources */,
			);
			runOnlyForDeploymentPostprocessing = 0;
		};
/* End PBXSourcesBuildPhase section */

/* Begin PBXTargetDependency section */
		4B7B9B092B81B935009B8E9A /* PBXTargetDependency */ = {
			isa = PBXTargetDependency;
			target = 4B7B9AF02B81B933009B8E9A /* MovieSearch */;
			targetProxy = 4B7B9B082B81B935009B8E9A /* PBXContainerItemProxy */;
		};
		4B7B9B132B81B935009B8E9A /* PBXTargetDependency */ = {
			isa = PBXTargetDependency;
			target = 4B7B9AF02B81B933009B8E9A /* MovieSearch */;
			targetProxy = 4B7B9B122B81B935009B8E9A /* PBXContainerItemProxy */;
		};
/* End PBXTargetDependency section */

/* Begin PBXVariantGroup section */
		4B7B9AFF2B81B934009B8E9A /* LaunchScreen.storyboard */ = {
			isa = PBXVariantGroup;
			children = (
				4B7B9B002B81B934009B8E9A /* Base */,
			);
			name = LaunchScreen.storyboard;
			sourceTree = "<group>";
		};
/* End PBXVariantGroup section */

/* Begin XCBuildConfiguration section */
		4B7B9B192B81B935009B8E9A /* Debug */ = {
			isa = XCBuildConfiguration;
			buildSettings = {
				ALWAYS_SEARCH_USER_PATHS = NO;
				ASSETCATALOG_COMPILER_GENERATE_SWIFT_ASSET_SYMBOL_EXTENSIONS = YES;
				CLANG_ANALYZER_NONNULL = YES;
				CLANG_ANALYZER_NUMBER_OBJECT_CONVERSION = YES_AGGRESSIVE;
				CLANG_CXX_LANGUAGE_STANDARD = "gnu++20";
				CLANG_ENABLE_MODULES = YES;
				CLANG_ENABLE_OBJC_ARC = YES;
				CLANG_ENABLE_OBJC_WEAK = YES;
				CLANG_WARN_BLOCK_CAPTURE_AUTORELEASING = YES;
				CLANG_WARN_BOOL_CONVERSION = YES;
				CLANG_WARN_COMMA = YES;
				CLANG_WARN_CONSTANT_CONVERSION = YES;
				CLANG_WARN_DEPRECATED_OBJC_IMPLEMENTATIONS = YES;
				CLANG_WARN_DIRECT_OBJC_ISA_USAGE = YES_ERROR;
				CLANG_WARN_DOCUMENTATION_COMMENTS = YES;
				CLANG_WARN_EMPTY_BODY = YES;
				CLANG_WARN_ENUM_CONVERSION = YES;
				CLANG_WARN_INFINITE_RECURSION = YES;
				CLANG_WARN_INT_CONVERSION = YES;
				CLANG_WARN_NON_LITERAL_NULL_CONVERSION = YES;
				CLANG_WARN_OBJC_IMPLICIT_RETAIN_SELF = YES;
				CLANG_WARN_OBJC_LITERAL_CONVERSION = YES;
				CLANG_WARN_OBJC_ROOT_CLASS = YES_ERROR;
				CLANG_WARN_QUOTED_INCLUDE_IN_FRAMEWORK_HEADER = YES;
				CLANG_WARN_RANGE_LOOP_ANALYSIS = YES;
				CLANG_WARN_STRICT_PROTOTYPES = YES;
				CLANG_WARN_SUSPICIOUS_MOVE = YES;
				CLANG_WARN_UNGUARDED_AVAILABILITY = YES_AGGRESSIVE;
				CLANG_WARN_UNREACHABLE_CODE = YES;
				CLANG_WARN__DUPLICATE_METHOD_MATCH = YES;
				COPY_PHASE_STRIP = NO;
				DEBUG_INFORMATION_FORMAT = dwarf;
				ENABLE_STRICT_OBJC_MSGSEND = YES;
				ENABLE_TESTABILITY = YES;
				ENABLE_USER_SCRIPT_SANDBOXING = YES;
				GCC_C_LANGUAGE_STANDARD = gnu17;
				GCC_DYNAMIC_NO_PIC = NO;
				GCC_NO_COMMON_BLOCKS = YES;
				GCC_OPTIMIZATION_LEVEL = 0;
				GCC_PREPROCESSOR_DEFINITIONS = (
					"DEBUG=1",
					"$(inherited)",
				);
				GCC_WARN_64_TO_32_BIT_CONVERSION = YES;
				GCC_WARN_ABOUT_RETURN_TYPE = YES_ERROR;
				GCC_WARN_UNDECLARED_SELECTOR = YES;
				GCC_WARN_UNINITIALIZED_AUTOS = YES_AGGRESSIVE;
				GCC_WARN_UNUSED_FUNCTION = YES;
				GCC_WARN_UNUSED_VARIABLE = YES;
				IPHONEOS_DEPLOYMENT_TARGET = 17.2;
				LOCALIZATION_PREFERS_STRING_CATALOGS = YES;
				MTL_ENABLE_DEBUG_INFO = INCLUDE_SOURCE;
				MTL_FAST_MATH = YES;
				ONLY_ACTIVE_ARCH = YES;
				SDKROOT = iphoneos;
				SWIFT_ACTIVE_COMPILATION_CONDITIONS = "DEBUG $(inherited)";
				SWIFT_OPTIMIZATION_LEVEL = "-Onone";
			};
			name = Debug;
		};
		4B7B9B1A2B81B935009B8E9A /* Release */ = {
			isa = XCBuildConfiguration;
			buildSettings = {
				ALWAYS_SEARCH_USER_PATHS = NO;
				ASSETCATALOG_COMPILER_GENERATE_SWIFT_ASSET_SYMBOL_EXTENSIONS = YES;
				CLANG_ANALYZER_NONNULL = YES;
				CLANG_ANALYZER_NUMBER_OBJECT_CONVERSION = YES_AGGRESSIVE;
				CLANG_CXX_LANGUAGE_STANDARD = "gnu++20";
				CLANG_ENABLE_MODULES = YES;
				CLANG_ENABLE_OBJC_ARC = YES;
				CLANG_ENABLE_OBJC_WEAK = YES;
				CLANG_WARN_BLOCK_CAPTURE_AUTORELEASING = YES;
				CLANG_WARN_BOOL_CONVERSION = YES;
				CLANG_WARN_COMMA = YES;
				CLANG_WARN_CONSTANT_CONVERSION = YES;
				CLANG_WARN_DEPRECATED_OBJC_IMPLEMENTATIONS = YES;
				CLANG_WARN_DIRECT_OBJC_ISA_USAGE = YES_ERROR;
				CLANG_WARN_DOCUMENTATION_COMMENTS = YES;
				CLANG_WARN_EMPTY_BODY = YES;
				CLANG_WARN_ENUM_CONVERSION = YES;
				CLANG_WARN_INFINITE_RECURSION = YES;
				CLANG_WARN_INT_CONVERSION = YES;
				CLANG_WARN_NON_LITERAL_NULL_CONVERSION = YES;
				CLANG_WARN_OBJC_IMPLICIT_RETAIN_SELF = YES;
				CLANG_WARN_OBJC_LITERAL_CONVERSION = YES;
				CLANG_WARN_OBJC_ROOT_CLASS = YES_ERROR;
				CLANG_WARN_QUOTED_INCLUDE_IN_FRAMEWORK_HEADER = YES;
				CLANG_WARN_RANGE_LOOP_ANALYSIS = YES;
				CLANG_WARN_STRICT_PROTOTYPES = YES;
				CLANG_WARN_SUSPICIOUS_MOVE = YES;
				CLANG_WARN_UNGUARDED_AVAILABILITY = YES_AGGRESSIVE;
				CLANG_WARN_UNREACHABLE_CODE = YES;
				CLANG_WARN__DUPLICATE_METHOD_MATCH = YES;
				COPY_PHASE_STRIP = NO;
				DEBUG_INFORMATION_FORMAT = "dwarf-with-dsym";
				ENABLE_NS_ASSERTIONS = NO;
				ENABLE_STRICT_OBJC_MSGSEND = YES;
				ENABLE_USER_SCRIPT_SANDBOXING = YES;
				GCC_C_LANGUAGE_STANDARD = gnu17;
				GCC_NO_COMMON_BLOCKS = YES;
				GCC_WARN_64_TO_32_BIT_CONVERSION = YES;
				GCC_WARN_ABOUT_RETURN_TYPE = YES_ERROR;
				GCC_WARN_UNDECLARED_SELECTOR = YES;
				GCC_WARN_UNINITIALIZED_AUTOS = YES_AGGRESSIVE;
				GCC_WARN_UNUSED_FUNCTION = YES;
				GCC_WARN_UNUSED_VARIABLE = YES;
				IPHONEOS_DEPLOYMENT_TARGET = 17.2;
				LOCALIZATION_PREFERS_STRING_CATALOGS = YES;
				MTL_ENABLE_DEBUG_INFO = NO;
				MTL_FAST_MATH = YES;
				SDKROOT = iphoneos;
				SWIFT_COMPILATION_MODE = wholemodule;
				VALIDATE_PRODUCT = YES;
			};
			name = Release;
		};
		4B7B9B1C2B81B935009B8E9A /* Debug */ = {
			isa = XCBuildConfiguration;
			buildSettings = {
				ASSETCATALOG_COMPILER_APPICON_NAME = AppIcon;
				ASSETCATALOG_COMPILER_GLOBAL_ACCENT_COLOR_NAME = AccentColor;
				CODE_SIGN_STYLE = Automatic;
				CURRENT_PROJECT_VERSION = 1;
				DEVELOPMENT_TEAM = 5P2NDJK3X5;
				GENERATE_INFOPLIST_FILE = YES;
				INFOPLIST_FILE = MovieSearch/Info.plist;
				INFOPLIST_KEY_UIApplicationSupportsIndirectInputEvents = YES;
				INFOPLIST_KEY_UILaunchStoryboardName = LaunchScreen;
				INFOPLIST_KEY_UISupportedInterfaceOrientations_iPad = "UIInterfaceOrientationPortrait UIInterfaceOrientationPortraitUpsideDown UIInterfaceOrientationLandscapeLeft UIInterfaceOrientationLandscapeRight";
				INFOPLIST_KEY_UISupportedInterfaceOrientations_iPhone = "UIInterfaceOrientationPortrait UIInterfaceOrientationLandscapeLeft UIInterfaceOrientationLandscapeRight";
				LD_RUNPATH_SEARCH_PATHS = (
					"$(inherited)",
					"@executable_path/Frameworks",
				);
				MARKETING_VERSION = 1.0;
				PRODUCT_BUNDLE_IDENTIFIER = shihhan.MovieSearch;
				PRODUCT_NAME = "$(TARGET_NAME)";
				SWIFT_EMIT_LOC_STRINGS = YES;
				SWIFT_VERSION = 5.0;
				TARGETED_DEVICE_FAMILY = "1,2";
			};
			name = Debug;
		};
		4B7B9B1D2B81B935009B8E9A /* Release */ = {
			isa = XCBuildConfiguration;
			buildSettings = {
				ASSETCATALOG_COMPILER_APPICON_NAME = AppIcon;
				ASSETCATALOG_COMPILER_GLOBAL_ACCENT_COLOR_NAME = AccentColor;
				CODE_SIGN_STYLE = Automatic;
				CURRENT_PROJECT_VERSION = 1;
				DEVELOPMENT_TEAM = 5P2NDJK3X5;
				GENERATE_INFOPLIST_FILE = YES;
				INFOPLIST_FILE = MovieSearch/Info.plist;
				INFOPLIST_KEY_UIApplicationSupportsIndirectInputEvents = YES;
				INFOPLIST_KEY_UILaunchStoryboardName = LaunchScreen;
				INFOPLIST_KEY_UISupportedInterfaceOrientations_iPad = "UIInterfaceOrientationPortrait UIInterfaceOrientationPortraitUpsideDown UIInterfaceOrientationLandscapeLeft UIInterfaceOrientationLandscapeRight";
				INFOPLIST_KEY_UISupportedInterfaceOrientations_iPhone = "UIInterfaceOrientationPortrait UIInterfaceOrientationLandscapeLeft UIInterfaceOrientationLandscapeRight";
				LD_RUNPATH_SEARCH_PATHS = (
					"$(inherited)",
					"@executable_path/Frameworks",
				);
				MARKETING_VERSION = 1.0;
				PRODUCT_BUNDLE_IDENTIFIER = shihhan.MovieSearch;
				PRODUCT_NAME = "$(TARGET_NAME)";
				SWIFT_EMIT_LOC_STRINGS = YES;
				SWIFT_VERSION = 5.0;
				TARGETED_DEVICE_FAMILY = "1,2";
			};
			name = Release;
		};
		4B7B9B1F2B81B935009B8E9A /* Debug */ = {
			isa = XCBuildConfiguration;
			buildSettings = {
				ALWAYS_EMBED_SWIFT_STANDARD_LIBRARIES = YES;
				BUNDLE_LOADER = "$(TEST_HOST)";
				CODE_SIGN_STYLE = Automatic;
				CURRENT_PROJECT_VERSION = 1;
				DEVELOPMENT_TEAM = 5P2NDJK3X5;
				GENERATE_INFOPLIST_FILE = YES;
				IPHONEOS_DEPLOYMENT_TARGET = 17.2;
				MARKETING_VERSION = 1.0;
				PRODUCT_BUNDLE_IDENTIFIER = shihhan.MovieSearchTests;
				PRODUCT_NAME = "$(TARGET_NAME)";
				SWIFT_EMIT_LOC_STRINGS = NO;
				SWIFT_VERSION = 5.0;
				TARGETED_DEVICE_FAMILY = "1,2";
				TEST_HOST = "$(BUILT_PRODUCTS_DIR)/MovieSearch.app/$(BUNDLE_EXECUTABLE_FOLDER_PATH)/MovieSearch";
			};
			name = Debug;
		};
		4B7B9B202B81B935009B8E9A /* Release */ = {
			isa = XCBuildConfiguration;
			buildSettings = {
				ALWAYS_EMBED_SWIFT_STANDARD_LIBRARIES = YES;
				BUNDLE_LOADER = "$(TEST_HOST)";
				CODE_SIGN_STYLE = Automatic;
				CURRENT_PROJECT_VERSION = 1;
				DEVELOPMENT_TEAM = 5P2NDJK3X5;
				GENERATE_INFOPLIST_FILE = YES;
				IPHONEOS_DEPLOYMENT_TARGET = 17.2;
				MARKETING_VERSION = 1.0;
				PRODUCT_BUNDLE_IDENTIFIER = shihhan.MovieSearchTests;
				PRODUCT_NAME = "$(TARGET_NAME)";
				SWIFT_EMIT_LOC_STRINGS = NO;
				SWIFT_VERSION = 5.0;
				TARGETED_DEVICE_FAMILY = "1,2";
				TEST_HOST = "$(BUILT_PRODUCTS_DIR)/MovieSearch.app/$(BUNDLE_EXECUTABLE_FOLDER_PATH)/MovieSearch";
			};
			name = Release;
		};
		4B7B9B222B81B935009B8E9A /* Debug */ = {
			isa = XCBuildConfiguration;
			buildSettings = {
				ALWAYS_EMBED_SWIFT_STANDARD_LIBRARIES = YES;
				CODE_SIGN_STYLE = Automatic;
				CURRENT_PROJECT_VERSION = 1;
				DEVELOPMENT_TEAM = 5P2NDJK3X5;
				GENERATE_INFOPLIST_FILE = YES;
				MARKETING_VERSION = 1.0;
				PRODUCT_BUNDLE_IDENTIFIER = shihhan.MovieSearchUITests;
				PRODUCT_NAME = "$(TARGET_NAME)";
				SWIFT_EMIT_LOC_STRINGS = NO;
				SWIFT_VERSION = 5.0;
				TARGETED_DEVICE_FAMILY = "1,2";
				TEST_TARGET_NAME = MovieSearch;
			};
			name = Debug;
		};
		4B7B9B232B81B935009B8E9A /* Release */ = {
			isa = XCBuildConfiguration;
			buildSettings = {
				ALWAYS_EMBED_SWIFT_STANDARD_LIBRARIES = YES;
				CODE_SIGN_STYLE = Automatic;
				CURRENT_PROJECT_VERSION = 1;
				DEVELOPMENT_TEAM = 5P2NDJK3X5;
				GENERATE_INFOPLIST_FILE = YES;
				MARKETING_VERSION = 1.0;
				PRODUCT_BUNDLE_IDENTIFIER = shihhan.MovieSearchUITests;
				PRODUCT_NAME = "$(TARGET_NAME)";
				SWIFT_EMIT_LOC_STRINGS = NO;
				SWIFT_VERSION = 5.0;
				TARGETED_DEVICE_FAMILY = "1,2";
				TEST_TARGET_NAME = MovieSearch;
			};
			name = Release;
		};
/* End XCBuildConfiguration section */

/* Begin XCConfigurationList section */
		4B7B9AEC2B81B933009B8E9A /* Build configuration list for PBXProject "MovieSearch" */ = {
			isa = XCConfigurationList;
			buildConfigurations = (
				4B7B9B192B81B935009B8E9A /* Debug */,
				4B7B9B1A2B81B935009B8E9A /* Release */,
			);
			defaultConfigurationIsVisible = 0;
			defaultConfigurationName = Release;
		};
		4B7B9B1B2B81B935009B8E9A /* Build configuration list for PBXNativeTarget "MovieSearch" */ = {
			isa = XCConfigurationList;
			buildConfigurations = (
				4B7B9B1C2B81B935009B8E9A /* Debug */,
				4B7B9B1D2B81B935009B8E9A /* Release */,
			);
			defaultConfigurationIsVisible = 0;
			defaultConfigurationName = Release;
		};
		4B7B9B1E2B81B935009B8E9A /* Build configuration list for PBXNativeTarget "MovieSearchTests" */ = {
			isa = XCConfigurationList;
			buildConfigurations = (
				4B7B9B1F2B81B935009B8E9A /* Debug */,
				4B7B9B202B81B935009B8E9A /* Release */,
			);
			defaultConfigurationIsVisible = 0;
			defaultConfigurationName = Release;
		};
		4B7B9B212B81B935009B8E9A /* Build configuration list for PBXNativeTarget "MovieSearchUITests" */ = {
			isa = XCConfigurationList;
			buildConfigurations = (
				4B7B9B222B81B935009B8E9A /* Debug */,
				4B7B9B232B81B935009B8E9A /* Release */,
			);
			defaultConfigurationIsVisible = 0;
			defaultConfigurationName = Release;
		};
/* End XCConfigurationList section */

/* Begin XCRemoteSwiftPackageReference section */
		4BB0BBC42B81ED0D00B20014 /* XCRemoteSwiftPackageReference "SnapKit" */ = {
			isa = XCRemoteSwiftPackageReference;
			repositoryURL = "https://github.com/SnapKit/SnapKit.git";
			requirement = {
				kind = upToNextMinorVersion;
				minimumVersion = 5.7.0;
			};
		};
/* End XCRemoteSwiftPackageReference section */

/* Begin XCSwiftPackageProductDependency section */
		4BB0BBC52B81ED0D00B20014 /* SnapKit */ = {
			isa = XCSwiftPackageProductDependency;
			package = 4BB0BBC42B81ED0D00B20014 /* XCRemoteSwiftPackageReference "SnapKit" */;
			productName = SnapKit;
		};
		4BB0BBC72B81ED0D00B20014 /* SnapKit-Dynamic */ = {
			isa = XCSwiftPackageProductDependency;
			package = 4BB0BBC42B81ED0D00B20014 /* XCRemoteSwiftPackageReference "SnapKit" */;
			productName = "SnapKit-Dynamic";
		};
/* End XCSwiftPackageProductDependency section */
	};
	rootObject = 4B7B9AE92B81B933009B8E9A /* Project object */;
}
